
Microsoft Visual Studio Solution File, Format Version 12.00
# Visual Studio Version 17
VisualStudioVersion = 17.11.35303.130
MinimumVisualStudioVersion = 10.0.40219.1
Project("{FAE04EC0-301F-11D3-BF4B-00C04F79EFBC}") = "davutproject11", "davutproject11\davutproject11.csproj", "{A080143C-EA4B-411F-A633-94033A28168D}"
EndProject
Global
	GlobalSection(SolutionConfigurationPlatforms) = preSolution
		Debug|Any CPU = Debug|Any CPU
		Release|Any CPU = Release|Any CPU
	EndGlobalSection
	GlobalSection(ProjectConfigurationPlatforms) = postSolution
		{A080143C-EA4B-411F-A633-94033A28168D}.Debug|Any CPU.ActiveCfg = Debug|Any CPU
		{A080143C-EA4B-411F-A633-94033A28168D}.Debug|Any CPU.Build.0 = Debug|Any CPU
		{A080143C-EA4B-411F-A633-94033A28168D}.Release|Any CPU.ActiveCfg = Release|Any CPU
		{A080143C-EA4B-411F-A633-94033A28168D}.Release|Any CPU.Build.0 = Release|Any CPU
	EndGlobalSection
	GlobalSection(SolutionProperties) = preSolution
		HideSolutionNode = FALSE
	EndGlobalSection
	GlobalSection(ExtensibilityGlobals) = postSolution
		SolutionGuid = {14C9BF4A-7704-41BE-A5D3-3740A73D2E60}
	EndGlobalSection
EndGlobal
