
Microsoft Visual Studio Solution File, Format Version 12.00
# Visual Studio Version 17
VisualStudioVersion = 17.11.35303.130
MinimumVisualStudioVersion = 10.0.40219.1
Project("{FAE04EC0-301F-11D3-BF4B-00C04F79EFBC}") = "davutproject6", "davutproject6\davutproject6.csproj", "{9292857E-C991-4FA8-8071-24BD46ABE53F}"
EndProject
Global
	GlobalSection(SolutionConfigurationPlatforms) = preSolution
		Debug|Any CPU = Debug|Any CPU
		Release|Any CPU = Release|Any CPU
	EndGlobalSection
	GlobalSection(ProjectConfigurationPlatforms) = postSolution
		{9292857E-C991-4FA8-8071-24BD46ABE53F}.Debug|Any CPU.ActiveCfg = Debug|Any CPU
		{9292857E-C991-4FA8-8071-24BD46ABE53F}.Debug|Any CPU.Build.0 = Debug|Any CPU
		{9292857E-C991-4FA8-8071-24BD46ABE53F}.Release|Any CPU.ActiveCfg = Release|Any CPU
		{9292857E-C991-4FA8-8071-24BD46ABE53F}.Release|Any CPU.Build.0 = Release|Any CPU
	EndGlobalSection
	GlobalSection(SolutionProperties) = preSolution
		HideSolutionNode = FALSE
	EndGlobalSection
	GlobalSection(ExtensibilityGlobals) = postSolution
		SolutionGuid = {328951FF-7E44-47F1-AEB7-E102D0D50156}
	EndGlobalSection
EndGlobal
