
Microsoft Visual Studio Solution File, Format Version 12.00
# Visual Studio Version 17
VisualStudioVersion = 17.11.35303.130
MinimumVisualStudioVersion = 10.0.40219.1
Project("{FAE04EC0-301F-11D3-BF4B-00C04F79EFBC}") = "davutproject17", "davutproject17\davutproject17.csproj", "{B54915CA-8140-4D66-8389-19B7C69A41C1}"
EndProject
Global
	GlobalSection(SolutionConfigurationPlatforms) = preSolution
		Debug|Any CPU = Debug|Any CPU
		Release|Any CPU = Release|Any CPU
	EndGlobalSection
	GlobalSection(ProjectConfigurationPlatforms) = postSolution
		{B54915CA-8140-4D66-8389-19B7C69A41C1}.Debug|Any CPU.ActiveCfg = Debug|Any CPU
		{B54915CA-8140-4D66-8389-19B7C69A41C1}.Debug|Any CPU.Build.0 = Debug|Any CPU
		{B54915CA-8140-4D66-8389-19B7C69A41C1}.Release|Any CPU.ActiveCfg = Release|Any CPU
		{B54915CA-8140-4D66-8389-19B7C69A41C1}.Release|Any CPU.Build.0 = Release|Any CPU
	EndGlobalSection
	GlobalSection(SolutionProperties) = preSolution
		HideSolutionNode = FALSE
	EndGlobalSection
	GlobalSection(ExtensibilityGlobals) = postSolution
		SolutionGuid = {4550701A-62AD-4A65-9861-5E492DF5D786}
	EndGlobalSection
EndGlobal
